
Microsoft Visual Studio Solution File, Format Version 12.00
# Visual Studio 15
VisualStudioVersion = 15.0.26228.9
MinimumVisualStudioVersion = 10.0.40219.1
Project("{FAE04EC0-301F-11D3-BF4B-00C04F79EFBC}") = "Docker", "Docker\Docker.csproj", "{408DAB8C-48DC-48AA-8A4B-68CB880D3A59}"
EndProject
Project("{9A19103F-16F7-4668-BE54-9A1E7A4F7556}") = "Docker.Tests", "Docker.Tests\Docker.Tests.csproj", "{4BEF2248-475A-4827-A88D-35DB091D2BDA}"
EndProject
Global
	GlobalSection(SolutionConfigurationPlatforms) = preSolution
		Debug|Any CPU = Debug|Any CPU
		Release|Any CPU = Release|Any CPU
	EndGlobalSection
	GlobalSection(ProjectConfigurationPlatforms) = postSolution
		{408DAB8C-48DC-48AA-8A4B-68CB880D3A59}.Debug|Any CPU.ActiveCfg = Debug|Any CPU
		{408DAB8C-48DC-48AA-8A4B-68CB880D3A59}.Debug|Any CPU.Build.0 = Debug|Any CPU
		{408DAB8C-48DC-48AA-8A4B-68CB880D3A59}.Release|Any CPU.ActiveCfg = Release|Any CPU
		{408DAB8C-48DC-48AA-8A4B-68CB880D3A59}.Release|Any CPU.Build.0 = Release|Any CPU
		{4BEF2248-475A-4827-A88D-35DB091D2BDA}.Debug|Any CPU.ActiveCfg = Debug|Any CPU
		{4BEF2248-475A-4827-A88D-35DB091D2BDA}.Debug|Any CPU.Build.0 = Debug|Any CPU
		{4BEF2248-475A-4827-A88D-35DB091D2BDA}.Release|Any CPU.ActiveCfg = Release|Any CPU
		{4BEF2248-475A-4827-A88D-35DB091D2BDA}.Release|Any CPU.Build.0 = Release|Any CPU
	EndGlobalSection
	GlobalSection(SolutionProperties) = preSolution
		HideSolutionNode = FALSE
	EndGlobalSection
EndGlobal
