{
    "name": "container-loader",
    "version": "1.0.0",
    "lockfileVersion": 1,
    "dependencies": {
        "jsonschema": {
            "version": "1.1.1",
            "resolved": "https://registry.npmjs.org/jsonschema/-/jsonschema-1.1.1.tgz",
            "integrity": "sha1-PO3o4+QR03eHLu+8n98mODy8Ptk="
        }
    }
}
